// !$*UTF8*$!
{
	archiveVersion = 1;
	classes = {
	};
	objectVersion = 51;
	objects = {

/* Begin PBXBuildFile section */
		0E8F9F1BF123515BEF11F709 /* Pods_RxMemoEx.framework in Frameworks */ = {isa = PBXBuildFile; fileRef = 83BCF2E9457ABE522B8D48CB /* Pods_RxMemoEx.framework */; };
		5C1910792376D2E900E76FEB /* Memo.swift in Sources */ = {isa = PBXBuildFile; fileRef = 5C1910782376D2E900E76FEB /* Memo.swift */; };
		5C22A4162376C6AB0069D5F6 /* AppDelegate.swift in Sources */ = {isa = PBXBuildFile; fileRef = 5C22A4152376C6AB0069D5F6 /* AppDelegate.swift */; };
		5C22A4182376C6AB0069D5F6 /* SceneDelegate.swift in Sources */ = {isa = PBXBuildFile; fileRef = 5C22A4172376C6AB0069D5F6 /* SceneDelegate.swift */; };
		5C22A41D2376C6AB0069D5F6 /* Main.storyboard in Resources */ = {isa = PBXBuildFile; fileRef = 5C22A41B2376C6AB0069D5F6 /* Main.storyboard */; };
		5C22A4202376C6AB0069D5F6 /* RxMemoEx.xcdatamodeld in Sources */ = {isa = PBXBuildFile; fileRef = 5C22A41E2376C6AB0069D5F6 /* RxMemoEx.xcdatamodeld */; };
		5C22A4222376C6AD0069D5F6 /* Assets.xcassets in Resources */ = {isa = PBXBuildFile; fileRef = 5C22A4212376C6AD0069D5F6 /* Assets.xcassets */; };
		5C22A4252376C6AD0069D5F6 /* LaunchScreen.storyboard in Resources */ = {isa = PBXBuildFile; fileRef = 5C22A4232376C6AD0069D5F6 /* LaunchScreen.storyboard */; };
/* End PBXBuildFile section */

/* Begin PBXFileReference section */
		5C1910782376D2E900E76FEB /* Memo.swift */ = {isa = PBXFileReference; lastKnownFileType = sourcecode.swift; path = Memo.swift; sourceTree = SOURCE_ROOT; };
		5C22A4122376C6AB0069D5F6 /* RxMemoEx.app */ = {isa = PBXFileReference; explicitFileType = wrapper.application; includeInIndex = 0; path = RxMemoEx.app; sourceTree = BUILT_PRODUCTS_DIR; };
		5C22A4152376C6AB0069D5F6 /* AppDelegate.swift */ = {isa = PBXFileReference; lastKnownFileType = sourcecode.swift; path = AppDelegate.swift; sourceTree = "<group>"; };
		5C22A4172376C6AB0069D5F6 /* SceneDelegate.swift */ = {isa = PBXFileReference; lastKnownFileType = sourcecode.swift; path = SceneDelegate.swift; sourceTree = "<group>"; };
		5C22A41C2376C6AB0069D5F6 /* Base */ = {isa = PBXFileReference; lastKnownFileType = file.storyboard; name = Base; path = Base.lproj/Main.storyboard; sourceTree = "<group>"; };
		5C22A41F2376C6AB0069D5F6 /* RxMemoEx.xcdatamodel */ = {isa = PBXFileReference; lastKnownFileType = wrapper.xcdatamodel; path = RxMemoEx.xcdatamodel; sourceTree = "<group>"; };
		5C22A4212376C6AD0069D5F6 /* Assets.xcassets */ = {isa = PBXFileReference; lastKnownFileType = folder.assetcatalog; path = Assets.xcassets; sourceTree = "<group>"; };
		5C22A4242376C6AD0069D5F6 /* Base */ = {isa = PBXFileReference; lastKnownFileType = file.storyboard; name = Base; path = Base.lproj/LaunchScreen.storyboard; sourceTree = "<group>"; };
		5C22A4262376C6AD0069D5F6 /* Info.plist */ = {isa = PBXFileReference; lastKnownFileType = text.plist.xml; path = Info.plist; sourceTree = "<group>"; };
		83BCF2E9457ABE522B8D48CB /* Pods_RxMemoEx.framework */ = {isa = PBXFileReference; explicitFileType = wrapper.framework; includeInIndex = 0; path = Pods_RxMemoEx.framework; sourceTree = BUILT_PRODUCTS_DIR; };
		B0A9DF52570A52845C911DE9 /* Pods-RxMemoEx.release.xcconfig */ = {isa = PBXFileReference; includeInIndex = 1; lastKnownFileType = text.xcconfig; name = "Pods-RxMemoEx.release.xcconfig"; path = "Target Support Files/Pods-RxMemoEx/Pods-RxMemoEx.release.xcconfig"; sourceTree = "<group>"; };
		C658A38B8BC1D9BF51C58411 /* Pods-RxMemoEx.debug.xcconfig */ = {isa = PBXFileReference; includeInIndex = 1; lastKnownFileType = text.xcconfig; name = "Pods-RxMemoEx.debug.xcconfig"; path = "Target Support Files/Pods-RxMemoEx/Pods-RxMemoEx.debug.xcconfig"; sourceTree = "<group>"; };
/* End PBXFileReference section */

/* Begin PBXFrameworksBuildPhase section */
		5C22A40F2376C6AB0069D5F6 /* Frameworks */ = {
			isa = PBXFrameworksBuildPhase;
			buildActionMask = 2147483647;
			files = (
				0E8F9F1BF123515BEF11F709 /* Pods_RxMemoEx.framework in Frameworks */,
			);
			runOnlyForDeploymentPostprocessing = 0;
		};
/* End PBXFrameworksBuildPhase section */

/* Begin PBXGroup section */
		149201E24EC54FCA83DAC961 /* Frameworks */ = {
			isa = PBXGroup;
			children = (
				83BCF2E9457ABE522B8D48CB /* Pods_RxMemoEx.framework */,
			);
			name = Frameworks;
			sourceTree = "<group>";
		};
		5C1910732376D1AB00E76FEB /* Model */ = {
			isa = PBXGroup;
			children = (
				5C1910782376D2E900E76FEB /* Memo.swift */,
			);
			path = Model;
			sourceTree = "<group>";
		};
		5C1910742376D1B000E76FEB /* ViewController */ = {
			isa = PBXGroup;
			children = (
				5C22A41B2376C6AB0069D5F6 /* Main.storyboard */,
				5C22A4232376C6AD0069D5F6 /* LaunchScreen.storyboard */,
			);
			path = ViewController;
			sourceTree = "<group>";
		};
		5C1910752376D1B900E76FEB /* ViewModel */ = {
			isa = PBXGroup;
			children = (
			);
			path = ViewModel;
			sourceTree = "<group>";
		};
		5C1910762376D1C600E76FEB /* Service */ = {
			isa = PBXGroup;
			children = (
			);
			path = Service;
			sourceTree = "<group>";
		};
		5C1910772376D1E700E76FEB /* Scene */ = {
			isa = PBXGroup;
			children = (
			);
			path = Scene;
			sourceTree = "<group>";
		};
		5C22A4092376C6AB0069D5F6 = {
			isa = PBXGroup;
			children = (
				5C22A4142376C6AB0069D5F6 /* RxMemoEx */,
				5C22A4132376C6AB0069D5F6 /* Products */,
				822C2A9D8E10C6D356B4779A /* Pods */,
				149201E24EC54FCA83DAC961 /* Frameworks */,
			);
			sourceTree = "<group>";
		};
		5C22A4132376C6AB0069D5F6 /* Products */ = {
			isa = PBXGroup;
			children = (
				5C22A4122376C6AB0069D5F6 /* RxMemoEx.app */,
			);
			name = Products;
			sourceTree = "<group>";
		};
		5C22A4142376C6AB0069D5F6 /* RxMemoEx */ = {
			isa = PBXGroup;
			children = (
				5C1910772376D1E700E76FEB /* Scene */,
				5C1910762376D1C600E76FEB /* Service */,
				5C1910752376D1B900E76FEB /* ViewModel */,
				5C1910742376D1B000E76FEB /* ViewController */,
				5C1910732376D1AB00E76FEB /* Model */,
				5C22A4152376C6AB0069D5F6 /* AppDelegate.swift */,
				5C22A4172376C6AB0069D5F6 /* SceneDelegate.swift */,
				5C22A4212376C6AD0069D5F6 /* Assets.xcassets */,
				5C22A4262376C6AD0069D5F6 /* Info.plist */,
				5C22A41E2376C6AB0069D5F6 /* RxMemoEx.xcdatamodeld */,
			);
			path = RxMemoEx;
			sourceTree = "<group>";
		};
		822C2A9D8E10C6D356B4779A /* Pods */ = {
			isa = PBXGroup;
			children = (
				C658A38B8BC1D9BF51C58411 /* Pods-RxMemoEx.debug.xcconfig */,
				B0A9DF52570A52845C911DE9 /* Pods-RxMemoEx.release.xcconfig */,
			);
			path = Pods;
			sourceTree = "<group>";
		};
/* End PBXGroup section */

/* Begin PBXNativeTarget section */
		5C22A4112376C6AB0069D5F6 /* RxMemoEx */ = {
			isa = PBXNativeTarget;
			buildConfigurationList = 5C22A4292376C6AD0069D5F6 /* Build configuration list for PBXNativeTarget "RxMemoEx" */;
			buildPhases = (
				B15440AA358C6C0C30E7B2A6 /* [CP] Check Pods Manifest.lock */,
				5C22A40E2376C6AB0069D5F6 /* Sources */,
				5C22A40F2376C6AB0069D5F6 /* Frameworks */,
				5C22A4102376C6AB0069D5F6 /* Resources */,
				25CFF8874FB996AA84561C01 /* [CP] Embed Pods Frameworks */,
			);
			buildRules = (
			);
			dependencies = (
			);
			name = RxMemoEx;
			productName = RxMemoEx;
			productReference = 5C22A4122376C6AB0069D5F6 /* RxMemoEx.app */;
			productType = "com.apple.product-type.application";
		};
/* End PBXNativeTarget section */

/* Begin PBXProject section */
		5C22A40A2376C6AB0069D5F6 /* Project object */ = {
			isa = PBXProject;
			attributes = {
				LastSwiftUpdateCheck = 1120;
				LastUpgradeCheck = 1120;
				ORGANIZATIONNAME = Jinnify;
				TargetAttributes = {
					5C22A4112376C6AB0069D5F6 = {
						CreatedOnToolsVersion = 11.2.1;
					};
				};
			};
			buildConfigurationList = 5C22A40D2376C6AB0069D5F6 /* Build configuration list for PBXProject "RxMemoEx" */;
			compatibilityVersion = "Xcode 9.3";
			developmentRegion = en;
			hasScannedForEncodings = 0;
			knownRegions = (
				en,
				Base,
			);
			mainGroup = 5C22A4092376C6AB0069D5F6;
			productRefGroup = 5C22A4132376C6AB0069D5F6 /* Products */;
			projectDirPath = "";
			projectRoot = "";
			targets = (
				5C22A4112376C6AB0069D5F6 /* RxMemoEx */,
			);
		};
/* End PBXProject section */

/* Begin PBXResourcesBuildPhase section */
		5C22A4102376C6AB0069D5F6 /* Resources */ = {
			isa = PBXResourcesBuildPhase;
			buildActionMask = 2147483647;
			files = (
				5C22A4252376C6AD0069D5F6 /* LaunchScreen.storyboard in Resources */,
				5C22A4222376C6AD0069D5F6 /* Assets.xcassets in Resources */,
				5C22A41D2376C6AB0069D5F6 /* Main.storyboard in Resources */,
			);
			runOnlyForDeploymentPostprocessing = 0;
		};
/* End PBXResourcesBuildPhase section */

/* Begin PBXShellScriptBuildPhase section */
		25CFF8874FB996AA84561C01 /* [CP] Embed Pods Frameworks */ = {
			isa = PBXShellScriptBuildPhase;
			buildActionMask = 2147483647;
			files = (
			);
			inputFileListPaths = (
				"${PODS_ROOT}/Target Support Files/Pods-RxMemoEx/Pods-RxMemoEx-frameworks-${CONFIGURATION}-input-files.xcfilelist",
			);
			name = "[CP] Embed Pods Frameworks";
			outputFileListPaths = (
				"${PODS_ROOT}/Target Support Files/Pods-RxMemoEx/Pods-RxMemoEx-frameworks-${CONFIGURATION}-output-files.xcfilelist",
			);
			runOnlyForDeploymentPostprocessing = 0;
			shellPath = /bin/sh;
			shellScript = "\"${PODS_ROOT}/Target Support Files/Pods-RxMemoEx/Pods-RxMemoEx-frameworks.sh\"\n";
			showEnvVarsInLog = 0;
		};
		B15440AA358C6C0C30E7B2A6 /* [CP] Check Pods Manifest.lock */ = {
			isa = PBXShellScriptBuildPhase;
			buildActionMask = 2147483647;
			files = (
			);
			inputFileListPaths = (
			);
			inputPaths = (
				"${PODS_PODFILE_DIR_PATH}/Podfile.lock",
				"${PODS_ROOT}/Manifest.lock",
			);
			name = "[CP] Check Pods Manifest.lock";
			outputFileListPaths = (
			);
			outputPaths = (
				"$(DERIVED_FILE_DIR)/Pods-RxMemoEx-checkManifestLockResult.txt",
			);
			runOnlyForDeploymentPostprocessing = 0;
			shellPath = /bin/sh;
			shellScript = "diff \"${PODS_PODFILE_DIR_PATH}/Podfile.lock\" \"${PODS_ROOT}/Manifest.lock\" > /dev/null\nif [ $? != 0 ] ; then\n    # print error to STDERR\n    echo \"error: The sandbox is not in sync with the Podfile.lock. Run 'pod install' or update your CocoaPods installation.\" >&2\n    exit 1\nfi\n# This output is used by Xcode 'outputs' to avoid re-running this script phase.\necho \"SUCCESS\" > \"${SCRIPT_OUTPUT_FILE_0}\"\n";
			showEnvVarsInLog = 0;
		};
/* End PBXShellScriptBuildPhase section */

/* Begin PBXSourcesBuildPhase section */
		5C22A40E2376C6AB0069D5F6 /* Sources */ = {
			isa = PBXSourcesBuildPhase;
			buildActionMask = 2147483647;
			files = (
				5C22A4162376C6AB0069D5F6 /* AppDelegate.swift in Sources */,
				5C22A4202376C6AB0069D5F6 /* RxMemoEx.xcdatamodeld in Sources */,
				5C22A4182376C6AB0069D5F6 /* SceneDelegate.swift in Sources */,
				5C1910792376D2E900E76FEB /* Memo.swift in Sources */,
			);
			runOnlyForDeploymentPostprocessing = 0;
		};
/* End PBXSourcesBuildPhase section */

/* Begin PBXVariantGroup section */
		5C22A41B2376C6AB0069D5F6 /* Main.storyboard */ = {
			isa = PBXVariantGroup;
			children = (
				5C22A41C2376C6AB0069D5F6 /* Base */,
			);
			name = Main.storyboard;
			sourceTree = "<group>";
		};
		5C22A4232376C6AD0069D5F6 /* LaunchScreen.storyboard */ = {
			isa = PBXVariantGroup;
			children = (
				5C22A4242376C6AD0069D5F6 /* Base */,
			);
			name = LaunchScreen.storyboard;
			sourceTree = "<group>";
		};
/* End PBXVariantGroup section */

/* Begin XCBuildConfiguration section */
		5C22A4272376C6AD0069D5F6 /* Debug */ = {
			isa = XCBuildConfiguration;
			buildSettings = {
				ALWAYS_SEARCH_USER_PATHS = NO;
				CLANG_ANALYZER_NONNULL = YES;
				CLANG_ANALYZER_NUMBER_OBJECT_CONVERSION = YES_AGGRESSIVE;
				CLANG_CXX_LANGUAGE_STANDARD = "gnu++14";
				CLANG_CXX_LIBRARY = "libc++";
				CLANG_ENABLE_MODULES = YES;
				CLANG_ENABLE_OBJC_ARC = YES;
				CLANG_ENABLE_OBJC_WEAK = YES;
				CLANG_WARN_BLOCK_CAPTURE_AUTORELEASING = YES;
				CLANG_WARN_BOOL_CONVERSION = YES;
				CLANG_WARN_COMMA = YES;
				CLANG_WARN_CONSTANT_CONVERSION = YES;
				CLANG_WARN_DEPRECATED_OBJC_IMPLEMENTATIONS = YES;
				CLANG_WARN_DIRECT_OBJC_ISA_USAGE = YES_ERROR;
				CLANG_WARN_DOCUMENTATION_COMMENTS = YES;
				CLANG_WARN_EMPTY_BODY = YES;
				CLANG_WARN_ENUM_CONVERSION = YES;
				CLANG_WARN_INFINITE_RECURSION = YES;
				CLANG_WARN_INT_CONVERSION = YES;
				CLANG_WARN_NON_LITERAL_NULL_CONVERSION = YES;
				CLANG_WARN_OBJC_IMPLICIT_RETAIN_SELF = YES;
				CLANG_WARN_OBJC_LITERAL_CONVERSION = YES;
				CLANG_WARN_OBJC_ROOT_CLASS = YES_ERROR;
				CLANG_WARN_RANGE_LOOP_ANALYSIS = YES;
				CLANG_WARN_STRICT_PROTOTYPES = YES;
				CLANG_WARN_SUSPICIOUS_MOVE = YES;
				CLANG_WARN_UNGUARDED_AVAILABILITY = YES_AGGRESSIVE;
				CLANG_WARN_UNREACHABLE_CODE = YES;
				CLANG_WARN__DUPLICATE_METHOD_MATCH = YES;
				COPY_PHASE_STRIP = NO;
				DEBUG_INFORMATION_FORMAT = dwarf;
				ENABLE_STRICT_OBJC_MSGSEND = YES;
				ENABLE_TESTABILITY = YES;
				GCC_C_LANGUAGE_STANDARD = gnu11;
				GCC_DYNAMIC_NO_PIC = NO;
				GCC_NO_COMMON_BLOCKS = YES;
				GCC_OPTIMIZATION_LEVEL = 0;
				GCC_PREPROCESSOR_DEFINITIONS = (
					"DEBUG=1",
					"$(inherited)",
				);
				GCC_WARN_64_TO_32_BIT_CONVERSION = YES;
				GCC_WARN_ABOUT_RETURN_TYPE = YES_ERROR;
				GCC_WARN_UNDECLARED_SELECTOR = YES;
				GCC_WARN_UNINITIALIZED_AUTOS = YES_AGGRESSIVE;
				GCC_WARN_UNUSED_FUNCTION = YES;
				GCC_WARN_UNUSED_VARIABLE = YES;
				IPHONEOS_DEPLOYMENT_TARGET = 10.0;
				MTL_ENABLE_DEBUG_INFO = INCLUDE_SOURCE;
				MTL_FAST_MATH = YES;
				ONLY_ACTIVE_ARCH = YES;
				SDKROOT = iphoneos;
				SWIFT_ACTIVE_COMPILATION_CONDITIONS = DEBUG;
				SWIFT_OPTIMIZATION_LEVEL = "-Onone";
			};
			name = Debug;
		};
		5C22A4282376C6AD0069D5F6 /* Release */ = {
			isa = XCBuildConfiguration;
			buildSettings = {
				ALWAYS_SEARCH_USER_PATHS = NO;
				CLANG_ANALYZER_NONNULL = YES;
				CLANG_ANALYZER_NUMBER_OBJECT_CONVERSION = YES_AGGRESSIVE;
				CLANG_CXX_LANGUAGE_STANDARD = "gnu++14";
				CLANG_CXX_LIBRARY = "libc++";
				CLANG_ENABLE_MODULES = YES;
				CLANG_ENABLE_OBJC_ARC = YES;
				CLANG_ENABLE_OBJC_WEAK = YES;
				CLANG_WARN_BLOCK_CAPTURE_AUTORELEASING = YES;
				CLANG_WARN_BOOL_CONVERSION = YES;
				CLANG_WARN_COMMA = YES;
				CLANG_WARN_CONSTANT_CONVERSION = YES;
				CLANG_WARN_DEPRECATED_OBJC_IMPLEMENTATIONS = YES;
				CLANG_WARN_DIRECT_OBJC_ISA_USAGE = YES_ERROR;
				CLANG_WARN_DOCUMENTATION_COMMENTS = YES;
				CLANG_WARN_EMPTY_BODY = YES;
				CLANG_WARN_ENUM_CONVERSION = YES;
				CLANG_WARN_INFINITE_RECURSION = YES;
				CLANG_WARN_INT_CONVERSION = YES;
				CLANG_WARN_NON_LITERAL_NULL_CONVERSION = YES;
				CLANG_WARN_OBJC_IMPLICIT_RETAIN_SELF = YES;
				CLANG_WARN_OBJC_LITERAL_CONVERSION = YES;
				CLANG_WARN_OBJC_ROOT_CLASS = YES_ERROR;
				CLANG_WARN_RANGE_LOOP_ANALYSIS = YES;
				CLANG_WARN_STRICT_PROTOTYPES = YES;
				CLANG_WARN_SUSPICIOUS_MOVE = YES;
				CLANG_WARN_UNGUARDED_AVAILABILITY = YES_AGGRESSIVE;
				CLANG_WARN_UNREACHABLE_CODE = YES;
				CLANG_WARN__DUPLICATE_METHOD_MATCH = YES;
				COPY_PHASE_STRIP = NO;
				DEBUG_INFORMATION_FORMAT = "dwarf-with-dsym";
				ENABLE_NS_ASSERTIONS = NO;
				ENABLE_STRICT_OBJC_MSGSEND = YES;
				GCC_C_LANGUAGE_STANDARD = gnu11;
				GCC_NO_COMMON_BLOCKS = YES;
				GCC_WARN_64_TO_32_BIT_CONVERSION = YES;
				GCC_WARN_ABOUT_RETURN_TYPE = YES_ERROR;
				GCC_WARN_UNDECLARED_SELECTOR = YES;
				GCC_WARN_UNINITIALIZED_AUTOS = YES_AGGRESSIVE;
				GCC_WARN_UNUSED_FUNCTION = YES;
				GCC_WARN_UNUSED_VARIABLE = YES;
				IPHONEOS_DEPLOYMENT_TARGET = 10.0;
				MTL_ENABLE_DEBUG_INFO = NO;
				MTL_FAST_MATH = YES;
				SDKROOT = iphoneos;
				SWIFT_COMPILATION_MODE = wholemodule;
				SWIFT_OPTIMIZATION_LEVEL = "-O";
				VALIDATE_PRODUCT = YES;
			};
			name = Release;
		};
		5C22A42A2376C6AD0069D5F6 /* Debug */ = {
			isa = XCBuildConfiguration;
			baseConfigurationReference = C658A38B8BC1D9BF51C58411 /* Pods-RxMemoEx.debug.xcconfig */;
			buildSettings = {
				ASSETCATALOG_COMPILER_APPICON_NAME = AppIcon;
				CODE_SIGN_STYLE = Automatic;
				DEVELOPMENT_TEAM = CNMQE42DQF;
				INFOPLIST_FILE = RxMemoEx/Info.plist;
				IPHONEOS_DEPLOYMENT_TARGET = 10.0;
				LD_RUNPATH_SEARCH_PATHS = (
					"$(inherited)",
					"@executable_path/Frameworks",
				);
				PRODUCT_BUNDLE_IDENTIFIER = com.jinnify.RxMemoEx;
				PRODUCT_NAME = "$(TARGET_NAME)";
				SWIFT_VERSION = 5.0;
				TARGETED_DEVICE_FAMILY = "1,2";
			};
			name = Debug;
		};
		5C22A42B2376C6AD0069D5F6 /* Release */ = {
			isa = XCBuildConfiguration;
			baseConfigurationReference = B0A9DF52570A52845C911DE9 /* Pods-RxMemoEx.release.xcconfig */;
			buildSettings = {
				ASSETCATALOG_COMPILER_APPICON_NAME = AppIcon;
				CODE_SIGN_STYLE = Automatic;
				DEVELOPMENT_TEAM = CNMQE42DQF;
				INFOPLIST_FILE = RxMemoEx/Info.plist;
				IPHONEOS_DEPLOYMENT_TARGET = 10.0;
				LD_RUNPATH_SEARCH_PATHS = (
					"$(inherited)",
					"@executable_path/Frameworks",
				);
				PRODUCT_BUNDLE_IDENTIFIER = com.jinnify.RxMemoEx;
				PRODUCT_NAME = "$(TARGET_NAME)";
				SWIFT_VERSION = 5.0;
				TARGETED_DEVICE_FAMILY = "1,2";
			};
			name = Release;
		};
/* End XCBuildConfiguration section */

/* Begin XCConfigurationList section */
		5C22A40D2376C6AB0069D5F6 /* Build configuration list for PBXProject "RxMemoEx" */ = {
			isa = XCConfigurationList;
			buildConfigurations = (
				5C22A4272376C6AD0069D5F6 /* Debug */,
				5C22A4282376C6AD0069D5F6 /* Release */,
			);
			defaultConfigurationIsVisible = 0;
			defaultConfigurationName = Release;
		};
		5C22A4292376C6AD0069D5F6 /* Build configuration list for PBXNativeTarget "RxMemoEx" */ = {
			isa = XCConfigurationList;
			buildConfigurations = (
				5C22A42A2376C6AD0069D5F6 /* Debug */,
				5C22A42B2376C6AD0069D5F6 /* Release */,
			);
			defaultConfigurationIsVisible = 0;
			defaultConfigurationName = Release;
		};
/* End XCConfigurationList section */

/* Begin XCVersionGroup section */
		5C22A41E2376C6AB0069D5F6 /* RxMemoEx.xcdatamodeld */ = {
			isa = XCVersionGroup;
			children = (
				5C22A41F2376C6AB0069D5F6 /* RxMemoEx.xcdatamodel */,
			);
			currentVersion = 5C22A41F2376C6AB0069D5F6 /* RxMemoEx.xcdatamodel */;
			path = RxMemoEx.xcdatamodeld;
			sourceTree = "<group>";
			versionGroupType = wrapper.xcdatamodel;
		};
/* End XCVersionGroup section */
	};
	rootObject = 5C22A40A2376C6AB0069D5F6 /* Project object */;
}
